
Microsoft Visual Studio Solution File, Format Version 12.00
# Visual Studio Version 16
VisualStudioVersion = 16.0.29519.181
MinimumVisualStudioVersion = 10.0.40219.1
Project("{FAE04EC0-301F-11D3-BF4B-00C04F79EFBC}") = "KintamiejiOperatoriai5", "KintamiejiOperatoriai5\KintamiejiOperatoriai5.csproj", "{87019C2F-D5B6-46FC-BE67-771161A8DEF6}"
EndProject
Global
	GlobalSection(SolutionConfigurationPlatforms) = preSolution
		Debug|Any CPU = Debug|Any CPU
		Release|Any CPU = Release|Any CPU
	EndGlobalSection
	GlobalSection(ProjectConfigurationPlatforms) = postSolution
		{87019C2F-D5B6-46FC-BE67-771161A8DEF6}.Debug|Any CPU.ActiveCfg = Debug|Any CPU
		{87019C2F-D5B6-46FC-BE67-771161A8DEF6}.Debug|Any CPU.Build.0 = Debug|Any CPU
		{87019C2F-D5B6-46FC-BE67-771161A8DEF6}.Release|Any CPU.ActiveCfg = Release|Any CPU
		{87019C2F-D5B6-46FC-BE67-771161A8DEF6}.Release|Any CPU.Build.0 = Release|Any CPU
	EndGlobalSection
	GlobalSection(SolutionProperties) = preSolution
		HideSolutionNode = FALSE
	EndGlobalSection
	GlobalSection(ExtensibilityGlobals) = postSolution
		SolutionGuid = {409EB6C0-7417-464D-8298-3E9979AABA0E}
	EndGlobalSection
EndGlobal
